// !$*UTF8*$!
{
	archiveVersion = 1;
	classes = {
	};
	objectVersion = 46;
	objects = {

/* Begin PBXBuildFile section */
		433584AD1946153100CA866A /* Foundation.framework in Frameworks */ = {isa = PBXBuildFile; fileRef = 433584AC1946153100CA866A /* Foundation.framework */; };
		433584AF1946153100CA866A /* CoreGraphics.framework in Frameworks */ = {isa = PBXBuildFile; fileRef = 433584AE1946153100CA866A /* CoreGraphics.framework */; };
		433584B11946153100CA866A /* UIKit.framework in Frameworks */ = {isa = PBXBuildFile; fileRef = 433584B01946153100CA866A /* UIKit.framework */; };
		433584B71946153100CA866A /* InfoPlist.strings in Resources */ = {isa = PBXBuildFile; fileRef = 433584B51946153100CA866A /* InfoPlist.strings */; };
		433584B91946153100CA866A /* main.m in Sources */ = {isa = PBXBuildFile; fileRef = 433584B81946153100CA866A /* main.m */; };
		433584BD1946153100CA866A /* AppDelegate.m in Sources */ = {isa = PBXBuildFile; fileRef = 433584BC1946153100CA866A /* AppDelegate.m */; };
		433584C01946153100CA866A /* Main_iPhone.storyboard in Resources */ = {isa = PBXBuildFile; fileRef = 433584BE1946153100CA866A /* Main_iPhone.storyboard */; };
		433584C31946153100CA866A /* Main_iPad.storyboard in Resources */ = {isa = PBXBuildFile; fileRef = 433584C11946153100CA866A /* Main_iPad.storyboard */; };
		433584C61946153100CA866A /* ViewController.m in Sources */ = {isa = PBXBuildFile; fileRef = 433584C51946153100CA866A /* ViewController.m */; };
		433584C81946153200CA866A /* Images.xcassets in Resources */ = {isa = PBXBuildFile; fileRef = 433584C71946153100CA866A /* Images.xcassets */; };
		433584E7194615F300CA866A /* PhotoLibrary.framework in Frameworks */ = {isa = PBXBuildFile; fileRef = 433584E6194615F300CA866A /* PhotoLibrary.framework */; };
/* End PBXBuildFile section */

/* Begin PBXFileReference section */
		433584A91946153100CA866A /* WallpaperTest.app */ = {isa = PBXFileReference; explicitFileType = wrapper.application; includeInIndex = 0; path = WallpaperTest.app; sourceTree = BUILT_PRODUCTS_DIR; };
		433584AC1946153100CA866A /* Foundation.framework */ = {isa = PBXFileReference; lastKnownFileType = wrapper.framework; name = Foundation.framework; path = System/Library/Frameworks/Foundation.framework; sourceTree = SDKROOT; };
		433584AE1946153100CA866A /* CoreGraphics.framework */ = {isa = PBXFileReference; lastKnownFileType = wrapper.framework; name = CoreGraphics.framework; path = System/Library/Frameworks/CoreGraphics.framework; sourceTree = SDKROOT; };
		433584B01946153100CA866A /* UIKit.framework */ = {isa = PBXFileReference; lastKnownFileType = wrapper.framework; name = UIKit.framework; path = System/Library/Frameworks/UIKit.framework; sourceTree = SDKROOT; };
		433584B41946153100CA866A /* WallpaperTest-Info.plist */ = {isa = PBXFileReference; lastKnownFileType = text.plist.xml; path = "WallpaperTest-Info.plist"; sourceTree = "<group>"; };
		433584B61946153100CA866A /* en */ = {isa = PBXFileReference; lastKnownFileType = text.plist.strings; name = en; path = en.lproj/InfoPlist.strings; sourceTree = "<group>"; };
		433584B81946153100CA866A /* main.m */ = {isa = PBXFileReference; lastKnownFileType = sourcecode.c.objc; path = main.m; sourceTree = "<group>"; };
		433584BA1946153100CA866A /* WallpaperTest-Prefix.pch */ = {isa = PBXFileReference; lastKnownFileType = sourcecode.c.h; path = "WallpaperTest-Prefix.pch"; sourceTree = "<group>"; };
		433584BB1946153100CA866A /* AppDelegate.h */ = {isa = PBXFileReference; lastKnownFileType = sourcecode.c.h; path = AppDelegate.h; sourceTree = "<group>"; };
		433584BC1946153100CA866A /* AppDelegate.m */ = {isa = PBXFileReference; lastKnownFileType = sourcecode.c.objc; path = AppDelegate.m; sourceTree = "<group>"; };
		433584BF1946153100CA866A /* Base */ = {isa = PBXFileReference; lastKnownFileType = file.storyboard; name = Base; path = Base.lproj/Main_iPhone.storyboard; sourceTree = "<group>"; };
		433584C21946153100CA866A /* Base */ = {isa = PBXFileReference; lastKnownFileType = file.storyboard; name = Base; path = Base.lproj/Main_iPad.storyboard; sourceTree = "<group>"; };
		433584C41946153100CA866A /* ViewController.h */ = {isa = PBXFileReference; lastKnownFileType = sourcecode.c.h; path = ViewController.h; sourceTree = "<group>"; };
		433584C51946153100CA866A /* ViewController.m */ = {isa = PBXFileReference; lastKnownFileType = sourcecode.c.objc; path = ViewController.m; sourceTree = "<group>"; };
		433584C71946153100CA866A /* Images.xcassets */ = {isa = PBXFileReference; lastKnownFileType = folder.assetcatalog; path = Images.xcassets; sourceTree = "<group>"; };
		433584CE1946153200CA866A /* XCTest.framework */ = {isa = PBXFileReference; lastKnownFileType = wrapper.framework; name = XCTest.framework; path = Library/Frameworks/XCTest.framework; sourceTree = DEVELOPER_DIR; };
		433584E4194615C800CA866A /* PLStaticWallpaperImageViewController.h */ = {isa = PBXFileReference; lastKnownFileType = sourcecode.c.h; path = PLStaticWallpaperImageViewController.h; sourceTree = "<group>"; };
		433584E5194615C800CA866A /* PLWallpaperImageViewController.h */ = {isa = PBXFileReference; lastKnownFileType = sourcecode.c.h; path = PLWallpaperImageViewController.h; sourceTree = "<group>"; };
		433584E6194615F300CA866A /* PhotoLibrary.framework */ = {isa = PBXFileReference; lastKnownFileType = wrapper.framework; name = PhotoLibrary.framework; path = System/Library/PrivateFrameworks/PhotoLibrary.framework; sourceTree = SDKROOT; };
/* End PBXFileReference section */

/* Begin PBXFrameworksBuildPhase section */
		433584A61946153100CA866A /* Frameworks */ = {
			isa = PBXFrameworksBuildPhase;
			buildActionMask = 2147483647;
			files = (
				433584E7194615F300CA866A /* PhotoLibrary.framework in Frameworks */,
				433584AF1946153100CA866A /* CoreGraphics.framework in Frameworks */,
				433584B11946153100CA866A /* UIKit.framework in Frameworks */,
				433584AD1946153100CA866A /* Foundation.framework in Frameworks */,
			);
			runOnlyForDeploymentPostprocessing = 0;
		};
/* End PBXFrameworksBuildPhase section */

/* Begin PBXGroup section */
		433584A01946153100CA866A = {
			isa = PBXGroup;
			children = (
				433584B21946153100CA866A /* WallpaperTest */,
				433584AB1946153100CA866A /* Frameworks */,
				433584AA1946153100CA866A /* Products */,
			);
			sourceTree = "<group>";
		};
		433584AA1946153100CA866A /* Products */ = {
			isa = PBXGroup;
			children = (
				433584A91946153100CA866A /* WallpaperTest.app */,
			);
			name = Products;
			sourceTree = "<group>";
		};
		433584AB1946153100CA866A /* Frameworks */ = {
			isa = PBXGroup;
			children = (
				433584E6194615F300CA866A /* PhotoLibrary.framework */,
				433584AC1946153100CA866A /* Foundation.framework */,
				433584AE1946153100CA866A /* CoreGraphics.framework */,
				433584B01946153100CA866A /* UIKit.framework */,
				433584CE1946153200CA866A /* XCTest.framework */,
			);
			name = Frameworks;
			sourceTree = "<group>";
		};
		433584B21946153100CA866A /* WallpaperTest */ = {
			isa = PBXGroup;
			children = (
				433584BB1946153100CA866A /* AppDelegate.h */,
				433584E4194615C800CA866A /* PLStaticWallpaperImageViewController.h */,
				433584E5194615C800CA866A /* PLWallpaperImageViewController.h */,
				433584BC1946153100CA866A /* AppDelegate.m */,
				433584BE1946153100CA866A /* Main_iPhone.storyboard */,
				433584C11946153100CA866A /* Main_iPad.storyboard */,
				433584C41946153100CA866A /* ViewController.h */,
				433584C51946153100CA866A /* ViewController.m */,
				433584C71946153100CA866A /* Images.xcassets */,
				433584B31946153100CA866A /* Supporting Files */,
			);
			path = WallpaperTest;
			sourceTree = "<group>";
		};
		433584B31946153100CA866A /* Supporting Files */ = {
			isa = PBXGroup;
			children = (
				433584B41946153100CA866A /* WallpaperTest-Info.plist */,
				433584B51946153100CA866A /* InfoPlist.strings */,
				433584B81946153100CA866A /* main.m */,
				433584BA1946153100CA866A /* WallpaperTest-Prefix.pch */,
			);
			name = "Supporting Files";
			sourceTree = "<group>";
		};
/* End PBXGroup section */

/* Begin PBXNativeTarget section */
		433584A81946153100CA866A /* WallpaperTest */ = {
			isa = PBXNativeTarget;
			buildConfigurationList = 433584DE1946153200CA866A /* Build configuration list for PBXNativeTarget "WallpaperTest" */;
			buildPhases = (
				433584A51946153100CA866A /* Sources */,
				433584A61946153100CA866A /* Frameworks */,
				433584A71946153100CA866A /* Resources */,
			);
			buildRules = (
			);
			dependencies = (
			);
			name = WallpaperTest;
			productName = WallpaperTest;
			productReference = 433584A91946153100CA866A /* WallpaperTest.app */;
			productType = "com.apple.product-type.application";
		};
/* End PBXNativeTarget section */

/* Begin PBXProject section */
		433584A11946153100CA866A /* Project object */ = {
			isa = PBXProject;
			attributes = {
				LastUpgradeCheck = 0510;
				ORGANIZATIONNAME = erik;
				TargetAttributes = {
					433584A81946153100CA866A = {
						DevelopmentTeam = VSYMWN6CSB;
					};
				};
			};
			buildConfigurationList = 433584A41946153100CA866A /* Build configuration list for PBXProject "WallpaperTest" */;
			compatibilityVersion = "Xcode 3.2";
			developmentRegion = English;
			hasScannedForEncodings = 0;
			knownRegions = (
				en,
				Base,
			);
			mainGroup = 433584A01946153100CA866A;
			productRefGroup = 433584AA1946153100CA866A /* Products */;
			projectDirPath = "";
			projectRoot = "";
			targets = (
				433584A81946153100CA866A /* WallpaperTest */,
			);
		};
/* End PBXProject section */

/* Begin PBXResourcesBuildPhase section */
		433584A71946153100CA866A /* Resources */ = {
			isa = PBXResourcesBuildPhase;
			buildActionMask = 2147483647;
			files = (
				433584C31946153100CA866A /* Main_iPad.storyboard in Resources */,
				433584C81946153200CA866A /* Images.xcassets in Resources */,
				433584C01946153100CA866A /* Main_iPhone.storyboard in Resources */,
				433584B71946153100CA866A /* InfoPlist.strings in Resources */,
			);
			runOnlyForDeploymentPostprocessing = 0;
		};
/* End PBXResourcesBuildPhase section */

/* Begin PBXSourcesBuildPhase section */
		433584A51946153100CA866A /* Sources */ = {
			isa = PBXSourcesBuildPhase;
			buildActionMask = 2147483647;
			files = (
				433584C61946153100CA866A /* ViewController.m in Sources */,
				433584BD1946153100CA866A /* AppDelegate.m in Sources */,
				433584B91946153100CA866A /* main.m in Sources */,
			);
			runOnlyForDeploymentPostprocessing = 0;
		};
/* End PBXSourcesBuildPhase section */

/* Begin PBXVariantGroup section */
		433584B51946153100CA866A /* InfoPlist.strings */ = {
			isa = PBXVariantGroup;
			children = (
				433584B61946153100CA866A /* en */,
			);
			name = InfoPlist.strings;
			sourceTree = "<group>";
		};
		433584BE1946153100CA866A /* Main_iPhone.storyboard */ = {
			isa = PBXVariantGroup;
			children = (
				433584BF1946153100CA866A /* Base */,
			);
			name = Main_iPhone.storyboard;
			sourceTree = "<group>";
		};
		433584C11946153100CA866A /* Main_iPad.storyboard */ = {
			isa = PBXVariantGroup;
			children = (
				433584C21946153100CA866A /* Base */,
			);
			name = Main_iPad.storyboard;
			sourceTree = "<group>";
		};
/* End PBXVariantGroup section */

/* Begin XCBuildConfiguration section */
		433584DC1946153200CA866A /* Debug */ = {
			isa = XCBuildConfiguration;
			buildSettings = {
				ALWAYS_SEARCH_USER_PATHS = NO;
				CLANG_CXX_LANGUAGE_STANDARD = "gnu++0x";
				CLANG_CXX_LIBRARY = "libc++";
				CLANG_ENABLE_MODULES = YES;
				CLANG_ENABLE_OBJC_ARC = YES;
				CLANG_WARN_BOOL_CONVERSION = YES;
				CLANG_WARN_CONSTANT_CONVERSION = YES;
				CLANG_WARN_DIRECT_OBJC_ISA_USAGE = YES_ERROR;
				CLANG_WARN_EMPTY_BODY = YES;
				CLANG_WARN_ENUM_CONVERSION = YES;
				CLANG_WARN_INT_CONVERSION = YES;
				CLANG_WARN_OBJC_ROOT_CLASS = YES_ERROR;
				CLANG_WARN__DUPLICATE_METHOD_MATCH = YES;
				"CODE_SIGN_IDENTITY[sdk=iphoneos*]" = "iPhone Developer";
				COPY_PHASE_STRIP = NO;
				GCC_C_LANGUAGE_STANDARD = gnu99;
				GCC_DYNAMIC_NO_PIC = NO;
				GCC_OPTIMIZATION_LEVEL = 0;
				GCC_PREPROCESSOR_DEFINITIONS = (
					"DEBUG=1",
					"$(inherited)",
				);
				GCC_SYMBOLS_PRIVATE_EXTERN = NO;
				GCC_WARN_64_TO_32_BIT_CONVERSION = YES;
				GCC_WARN_ABOUT_RETURN_TYPE = YES_ERROR;
				GCC_WARN_UNDECLARED_SELECTOR = YES;
				GCC_WARN_UNINITIALIZED_AUTOS = YES_AGGRESSIVE;
				GCC_WARN_UNUSED_FUNCTION = YES;
				GCC_WARN_UNUSED_VARIABLE = YES;
				IPHONEOS_DEPLOYMENT_TARGET = 7.0;
				ONLY_ACTIVE_ARCH = YES;
				SDKROOT = iphoneos;
				TARGETED_DEVICE_FAMILY = "1,2";
			};
			name = Debug;
		};
		433584DD1946153200CA866A /* Release */ = {
			isa = XCBuildConfiguration;
			buildSettings = {
				ALWAYS_SEARCH_USER_PATHS = NO;
				CLANG_CXX_LANGUAGE_STANDARD = "gnu++0x";
				CLANG_CXX_LIBRARY = "libc++";
				CLANG_ENABLE_MODULES = YES;
				CLANG_ENABLE_OBJC_ARC = YES;
				CLANG_WARN_BOOL_CONVERSION = YES;
				CLANG_WARN_CONSTANT_CONVERSION = YES;
				CLANG_WARN_DIRECT_OBJC_ISA_USAGE = YES_ERROR;
				CLANG_WARN_EMPTY_BODY = YES;
				CLANG_WARN_ENUM_CONVERSION = YES;
				CLANG_WARN_INT_CONVERSION = YES;
				CLANG_WARN_OBJC_ROOT_CLASS = YES_ERROR;
				CLANG_WARN__DUPLICATE_METHOD_MATCH = YES;
				"CODE_SIGN_IDENTITY[sdk=iphoneos*]" = "iPhone Developer";
				COPY_PHASE_STRIP = YES;
				ENABLE_NS_ASSERTIONS = NO;
				GCC_C_LANGUAGE_STANDARD = gnu99;
				GCC_WARN_64_TO_32_BIT_CONVERSION = YES;
				GCC_WARN_ABOUT_RETURN_TYPE = YES_ERROR;
				GCC_WARN_UNDECLARED_SELECTOR = YES;
				GCC_WARN_UNINITIALIZED_AUTOS = YES_AGGRESSIVE;
				GCC_WARN_UNUSED_FUNCTION = YES;
				GCC_WARN_UNUSED_VARIABLE = YES;
				IPHONEOS_DEPLOYMENT_TARGET = 7.0;
				SDKROOT = iphoneos;
				TARGETED_DEVICE_FAMILY = "1,2";
				VALIDATE_PRODUCT = YES;
			};
			name = Release;
		};
		433584DF1946153200CA866A /* Debug */ = {
			isa = XCBuildConfiguration;
			buildSettings = {
				ASSETCATALOG_COMPILER_APPICON_NAME = AppIcon;
				ASSETCATALOG_COMPILER_LAUNCHIMAGE_NAME = LaunchImage;
				CODE_SIGN_IDENTITY = "iPhone Developer";
				"CODE_SIGN_IDENTITY[sdk=iphoneos*]" = "iPhone Developer";
				FRAMEWORK_SEARCH_PATHS = (
					"$(inherited)",
					"$(SDKROOT)$(SYSTEM_LIBRARY_DIR)/PrivateFrameworks",
				);
				GCC_PRECOMPILE_PREFIX_HEADER = YES;
				GCC_PREFIX_HEADER = "WallpaperTest/WallpaperTest-Prefix.pch";
				INFOPLIST_FILE = "WallpaperTest/WallpaperTest-Info.plist";
				PRODUCT_NAME = "$(TARGET_NAME)";
				PROVISIONING_PROFILE = "";
				WRAPPER_EXTENSION = app;
			};
			name = Debug;
		};
		433584E01946153200CA866A /* Release */ = {
			isa = XCBuildConfiguration;
			buildSettings = {
				ASSETCATALOG_COMPILER_APPICON_NAME = AppIcon;
				ASSETCATALOG_COMPILER_LAUNCHIMAGE_NAME = LaunchImage;
				CODE_SIGN_IDENTITY = "iPhone Developer";
				"CODE_SIGN_IDENTITY[sdk=iphoneos*]" = "iPhone Developer";
				FRAMEWORK_SEARCH_PATHS = (
					"$(inherited)",
					"$(SDKROOT)$(SYSTEM_LIBRARY_DIR)/PrivateFrameworks",
				);
				GCC_PRECOMPILE_PREFIX_HEADER = YES;
				GCC_PREFIX_HEADER = "WallpaperTest/WallpaperTest-Prefix.pch";
				INFOPLIST_FILE = "WallpaperTest/WallpaperTest-Info.plist";
				PRODUCT_NAME = "$(TARGET_NAME)";
				PROVISIONING_PROFILE = "";
				WRAPPER_EXTENSION = app;
			};
			name = Release;
		};
/* End XCBuildConfiguration section */

/* Begin XCConfigurationList section */
		433584A41946153100CA866A /* Build configuration list for PBXProject "WallpaperTest" */ = {
			isa = XCConfigurationList;
			buildConfigurations = (
				433584DC1946153200CA866A /* Debug */,
				433584DD1946153200CA866A /* Release */,
			);
			defaultConfigurationIsVisible = 0;
			defaultConfigurationName = Release;
		};
		433584DE1946153200CA866A /* Build configuration list for PBXNativeTarget "WallpaperTest" */ = {
			isa = XCConfigurationList;
			buildConfigurations = (
				433584DF1946153200CA866A /* Debug */,
				433584E01946153200CA866A /* Release */,
			);
			defaultConfigurationIsVisible = 0;
			defaultConfigurationName = Release;
		};
/* End XCConfigurationList section */
	};
	rootObject = 433584A11946153100CA866A /* Project object */;
}
